// !$*UTF8*$!
{
	archiveVersion = 1;
	classes = {
	};
	objectVersion = 46;
	objects = {

/* Begin PBXBuildFile section */
		5626E92C1AF947130092D6EC /* AppDelegate.swift in Sources */ = {isa = PBXBuildFile; fileRef = 5626E92B1AF947130092D6EC /* AppDelegate.swift */; };
		5626E92F1AF947130092D6EC /* RSS_Reader.xcdatamodeld in Sources */ = {isa = PBXBuildFile; fileRef = 5626E92D1AF947130092D6EC /* RSS_Reader.xcdatamodeld */; };
		5626E9341AF947130092D6EC /* Main.storyboard in Resources */ = {isa = PBXBuildFile; fileRef = 5626E9321AF947130092D6EC /* Main.storyboard */; };
		5626E9361AF947130092D6EC /* Images.xcassets in Resources */ = {isa = PBXBuildFile; fileRef = 5626E9351AF947130092D6EC /* Images.xcassets */; };
		5626E9391AF947130092D6EC /* LaunchScreen.xib in Resources */ = {isa = PBXBuildFile; fileRef = 5626E9371AF947130092D6EC /* LaunchScreen.xib */; };
		5626E9451AF947130092D6EC /* RSS_ReaderTests.swift in Sources */ = {isa = PBXBuildFile; fileRef = 5626E9441AF947130092D6EC /* RSS_ReaderTests.swift */; };
		5626E94F1AF947A60092D6EC /* README.md in Sources */ = {isa = PBXBuildFile; fileRef = 5626E94E1AF947A60092D6EC /* README.md */; };
		5626E9511AF948EF0092D6EC /* TableViewController.swift in Sources */ = {isa = PBXBuildFile; fileRef = 5626E9501AF948EF0092D6EC /* TableViewController.swift */; };
/* End PBXBuildFile section */

/* Begin PBXContainerItemProxy section */
		5626E93F1AF947130092D6EC /* PBXContainerItemProxy */ = {
			isa = PBXContainerItemProxy;
			containerPortal = 5626E91E1AF947130092D6EC /* Project object */;
			proxyType = 1;
			remoteGlobalIDString = 5626E9251AF947130092D6EC;
			remoteInfo = "RSS Reader";
		};
/* End PBXContainerItemProxy section */

/* Begin PBXFileReference section */
		5626E9261AF947130092D6EC /* RSS Reader.app */ = {isa = PBXFileReference; explicitFileType = wrapper.application; includeInIndex = 0; path = "RSS Reader.app"; sourceTree = BUILT_PRODUCTS_DIR; };
		5626E92A1AF947130092D6EC /* Info.plist */ = {isa = PBXFileReference; lastKnownFileType = text.plist.xml; path = Info.plist; sourceTree = "<group>"; };
		5626E92B1AF947130092D6EC /* AppDelegate.swift */ = {isa = PBXFileReference; lastKnownFileType = sourcecode.swift; path = AppDelegate.swift; sourceTree = "<group>"; };
		5626E92E1AF947130092D6EC /* RSS_Reader.xcdatamodel */ = {isa = PBXFileReference; lastKnownFileType = wrapper.xcdatamodel; path = RSS_Reader.xcdatamodel; sourceTree = "<group>"; };
		5626E9331AF947130092D6EC /* Base */ = {isa = PBXFileReference; lastKnownFileType = file.storyboard; name = Base; path = Base.lproj/Main.storyboard; sourceTree = "<group>"; };
		5626E9351AF947130092D6EC /* Images.xcassets */ = {isa = PBXFileReference; lastKnownFileType = folder.assetcatalog; path = Images.xcassets; sourceTree = "<group>"; };
		5626E9381AF947130092D6EC /* Base */ = {isa = PBXFileReference; lastKnownFileType = file.xib; name = Base; path = Base.lproj/LaunchScreen.xib; sourceTree = "<group>"; };
		5626E93E1AF947130092D6EC /* RSS ReaderTests.xctest */ = {isa = PBXFileReference; explicitFileType = wrapper.cfbundle; includeInIndex = 0; path = "RSS ReaderTests.xctest"; sourceTree = BUILT_PRODUCTS_DIR; };
		5626E9431AF947130092D6EC /* Info.plist */ = {isa = PBXFileReference; lastKnownFileType = text.plist.xml; path = Info.plist; sourceTree = "<group>"; };
		5626E9441AF947130092D6EC /* RSS_ReaderTests.swift */ = {isa = PBXFileReference; lastKnownFileType = sourcecode.swift; path = RSS_ReaderTests.swift; sourceTree = "<group>"; };
		5626E94E1AF947A60092D6EC /* README.md */ = {isa = PBXFileReference; fileEncoding = 4; lastKnownFileType = net.daringfireball.markdown; path = README.md; sourceTree = "<group>"; };
		5626E9501AF948EF0092D6EC /* TableViewController.swift */ = {isa = PBXFileReference; fileEncoding = 4; lastKnownFileType = sourcecode.swift; path = TableViewController.swift; sourceTree = "<group>"; };
/* End PBXFileReference section */

/* Begin PBXFrameworksBuildPhase section */
		5626E9231AF947130092D6EC /* Frameworks */ = {
			isa = PBXFrameworksBuildPhase;
			buildActionMask = 2147483647;
			files = (
			);
			runOnlyForDeploymentPostprocessing = 0;
		};
		5626E93B1AF947130092D6EC /* Frameworks */ = {
			isa = PBXFrameworksBuildPhase;
			buildActionMask = 2147483647;
			files = (
			);
			runOnlyForDeploymentPostprocessing = 0;
		};
/* End PBXFrameworksBuildPhase section */

/* Begin PBXGroup section */
		5626E91D1AF947130092D6EC = {
			isa = PBXGroup;
			children = (
				5626E9281AF947130092D6EC /* RSS Reader */,
				5626E9411AF947130092D6EC /* RSS ReaderTests */,
				5626E9271AF947130092D6EC /* Products */,
			);
			sourceTree = "<group>";
		};
		5626E9271AF947130092D6EC /* Products */ = {
			isa = PBXGroup;
			children = (
				5626E9261AF947130092D6EC /* RSS Reader.app */,
				5626E93E1AF947130092D6EC /* RSS ReaderTests.xctest */,
			);
			name = Products;
			sourceTree = "<group>";
		};
		5626E9281AF947130092D6EC /* RSS Reader */ = {
			isa = PBXGroup;
			children = (
				5626E92B1AF947130092D6EC /* AppDelegate.swift */,
				5626E9501AF948EF0092D6EC /* TableViewController.swift */,
				5626E9321AF947130092D6EC /* Main.storyboard */,
				5626E9351AF947130092D6EC /* Images.xcassets */,
				5626E9371AF947130092D6EC /* LaunchScreen.xib */,
				5626E92D1AF947130092D6EC /* RSS_Reader.xcdatamodeld */,
				5626E9291AF947130092D6EC /* Supporting Files */,
				5626E94E1AF947A60092D6EC /* README.md */,
			);
			path = "RSS Reader";
			sourceTree = "<group>";
		};
		5626E9291AF947130092D6EC /* Supporting Files */ = {
			isa = PBXGroup;
			children = (
				5626E92A1AF947130092D6EC /* Info.plist */,
			);
			name = "Supporting Files";
			sourceTree = "<group>";
		};
		5626E9411AF947130092D6EC /* RSS ReaderTests */ = {
			isa = PBXGroup;
			children = (
				5626E9441AF947130092D6EC /* RSS_ReaderTests.swift */,
				5626E9421AF947130092D6EC /* Supporting Files */,
			);
			path = "RSS ReaderTests";
			sourceTree = "<group>";
		};
		5626E9421AF947130092D6EC /* Supporting Files */ = {
			isa = PBXGroup;
			children = (
				5626E9431AF947130092D6EC /* Info.plist */,
			);
			name = "Supporting Files";
			sourceTree = "<group>";
		};
/* End PBXGroup section */

/* Begin PBXNativeTarget section */
		5626E9251AF947130092D6EC /* RSS Reader */ = {
			isa = PBXNativeTarget;
			buildConfigurationList = 5626E9481AF947130092D6EC /* Build configuration list for PBXNativeTarget "RSS Reader" */;
			buildPhases = (
				5626E9221AF947130092D6EC /* Sources */,
				5626E9231AF947130092D6EC /* Frameworks */,
				5626E9241AF947130092D6EC /* Resources */,
			);
			buildRules = (
			);
			dependencies = (
			);
			name = "RSS Reader";
			productName = "RSS Reader";
			productReference = 5626E9261AF947130092D6EC /* RSS Reader.app */;
			productType = "com.apple.product-type.application";
		};
		5626E93D1AF947130092D6EC /* RSS ReaderTests */ = {
			isa = PBXNativeTarget;
			buildConfigurationList = 5626E94B1AF947130092D6EC /* Build configuration list for PBXNativeTarget "RSS ReaderTests" */;
			buildPhases = (
				5626E93A1AF947130092D6EC /* Sources */,
				5626E93B1AF947130092D6EC /* Frameworks */,
				5626E93C1AF947130092D6EC /* Resources */,
			);
			buildRules = (
			);
			dependencies = (
				5626E9401AF947130092D6EC /* PBXTargetDependency */,
			);
			name = "RSS ReaderTests";
			productName = "RSS ReaderTests";
			productReference = 5626E93E1AF947130092D6EC /* RSS ReaderTests.xctest */;
			productType = "com.apple.product-type.bundle.unit-test";
		};
/* End PBXNativeTarget section */

/* Begin PBXProject section */
		5626E91E1AF947130092D6EC /* Project object */ = {
			isa = PBXProject;
			attributes = {
				LastUpgradeCheck = 0610;
				ORGANIZATIONNAME = "Zhaolong Zhong";
				TargetAttributes = {
					5626E9251AF947130092D6EC = {
						CreatedOnToolsVersion = 6.1.1;
					};
					5626E93D1AF947130092D6EC = {
						CreatedOnToolsVersion = 6.1.1;
						TestTargetID = 5626E9251AF947130092D6EC;
					};
				};
			};
			buildConfigurationList = 5626E9211AF947130092D6EC /* Build configuration list for PBXProject "RSS Reader" */;
			compatibilityVersion = "Xcode 3.2";
			developmentRegion = English;
			hasScannedForEncodings = 0;
			knownRegions = (
				en,
				Base,
			);
			mainGroup = 5626E91D1AF947130092D6EC;
			productRefGroup = 5626E9271AF947130092D6EC /* Products */;
			projectDirPath = "";
			projectRoot = "";
			targets = (
				5626E9251AF947130092D6EC /* RSS Reader */,
				5626E93D1AF947130092D6EC /* RSS ReaderTests */,
			);
		};
/* End PBXProject section */

/* Begin PBXResourcesBuildPhase section */
		5626E9241AF947130092D6EC /* Resources */ = {
			isa = PBXResourcesBuildPhase;
			buildActionMask = 2147483647;
			files = (
				5626E9341AF947130092D6EC /* Main.storyboard in Resources */,
				5626E9391AF947130092D6EC /* LaunchScreen.xib in Resources */,
				5626E9361AF947130092D6EC /* Images.xcassets in Resources */,
			);
			runOnlyForDeploymentPostprocessing = 0;
		};
		5626E93C1AF947130092D6EC /* Resources */ = {
			isa = PBXResourcesBuildPhase;
			buildActionMask = 2147483647;
			files = (
			);
			runOnlyForDeploymentPostprocessing = 0;
		};
/* End PBXResourcesBuildPhase section */

/* Begin PBXSourcesBuildPhase section */
		5626E9221AF947130092D6EC /* Sources */ = {
			isa = PBXSourcesBuildPhase;
			buildActionMask = 2147483647;
			files = (
				5626E92C1AF947130092D6EC /* AppDelegate.swift in Sources */,
				5626E94F1AF947A60092D6EC /* README.md in Sources */,
				5626E92F1AF947130092D6EC /* RSS_Reader.xcdatamodeld in Sources */,
				5626E9511AF948EF0092D6EC /* TableViewController.swift in Sources */,
			);
			runOnlyForDeploymentPostprocessing = 0;
		};
		5626E93A1AF947130092D6EC /* Sources */ = {
			isa = PBXSourcesBuildPhase;
			buildActionMask = 2147483647;
			files = (
				5626E9451AF947130092D6EC /* RSS_ReaderTests.swift in Sources */,
			);
			runOnlyForDeploymentPostprocessing = 0;
		};
/* End PBXSourcesBuildPhase section */

/* Begin PBXTargetDependency section */
		5626E9401AF947130092D6EC /* PBXTargetDependency */ = {
			isa = PBXTargetDependency;
			target = 5626E9251AF947130092D6EC /* RSS Reader */;
			targetProxy = 5626E93F1AF947130092D6EC /* PBXContainerItemProxy */;
		};
/* End PBXTargetDependency section */

/* Begin PBXVariantGroup section */
		5626E9321AF947130092D6EC /* Main.storyboard */ = {
			isa = PBXVariantGroup;
			children = (
				5626E9331AF947130092D6EC /* Base */,
			);
			name = Main.storyboard;
			sourceTree = "<group>";
		};
		5626E9371AF947130092D6EC /* LaunchScreen.xib */ = {
			isa = PBXVariantGroup;
			children = (
				5626E9381AF947130092D6EC /* Base */,
			);
			name = LaunchScreen.xib;
			sourceTree = "<group>";
		};
/* End PBXVariantGroup section */

/* Begin XCBuildConfiguration section */
		5626E9461AF947130092D6EC /* Debug */ = {
			isa = XCBuildConfiguration;
			buildSettings = {
				ALWAYS_SEARCH_USER_PATHS = NO;
				CLANG_CXX_LANGUAGE_STANDARD = "gnu++0x";
				CLANG_CXX_LIBRARY = "libc++";
				CLANG_ENABLE_MODULES = YES;
				CLANG_ENABLE_OBJC_ARC = YES;
				CLANG_WARN_BOOL_CONVERSION = YES;
				CLANG_WARN_CONSTANT_CONVERSION = YES;
				CLANG_WARN_DIRECT_OBJC_ISA_USAGE = YES_ERROR;
				CLANG_WARN_EMPTY_BODY = YES;
				CLANG_WARN_ENUM_CONVERSION = YES;
				CLANG_WARN_INT_CONVERSION = YES;
				CLANG_WARN_OBJC_ROOT_CLASS = YES_ERROR;
				CLANG_WARN_UNREACHABLE_CODE = YES;
				CLANG_WARN__DUPLICATE_METHOD_MATCH = YES;
				"CODE_SIGN_IDENTITY[sdk=iphoneos*]" = "iPhone Developer";
				COPY_PHASE_STRIP = NO;
				ENABLE_STRICT_OBJC_MSGSEND = YES;
				GCC_C_LANGUAGE_STANDARD = gnu99;
				GCC_DYNAMIC_NO_PIC = NO;
				GCC_OPTIMIZATION_LEVEL = 0;
				GCC_PREPROCESSOR_DEFINITIONS = (
					"DEBUG=1",
					"$(inherited)",
				);
				GCC_SYMBOLS_PRIVATE_EXTERN = NO;
				GCC_WARN_64_TO_32_BIT_CONVERSION = YES;
				GCC_WARN_ABOUT_RETURN_TYPE = YES_ERROR;
				GCC_WARN_UNDECLARED_SELECTOR = YES;
				GCC_WARN_UNINITIALIZED_AUTOS = YES_AGGRESSIVE;
				GCC_WARN_UNUSED_FUNCTION = YES;
				GCC_WARN_UNUSED_VARIABLE = YES;
				IPHONEOS_DEPLOYMENT_TARGET = 8.1;
				MTL_ENABLE_DEBUG_INFO = YES;
				ONLY_ACTIVE_ARCH = YES;
				SDKROOT = iphoneos;
				SWIFT_OPTIMIZATION_LEVEL = "-Onone";
				TARGETED_DEVICE_FAMILY = "1,2";
			};
			name = Debug;
		};
		5626E9471AF947130092D6EC /* Release */ = {
			isa = XCBuildConfiguration;
			buildSettings = {
				ALWAYS_SEARCH_USER_PATHS = NO;
				CLANG_CXX_LANGUAGE_STANDARD = "gnu++0x";
				CLANG_CXX_LIBRARY = "libc++";
				CLANG_ENABLE_MODULES = YES;
				CLANG_ENABLE_OBJC_ARC = YES;
				CLANG_WARN_BOOL_CONVERSION = YES;
				CLANG_WARN_CONSTANT_CONVERSION = YES;
				CLANG_WARN_DIRECT_OBJC_ISA_USAGE = YES_ERROR;
				CLANG_WARN_EMPTY_BODY = YES;
				CLANG_WARN_ENUM_CONVERSION = YES;
				CLANG_WARN_INT_CONVERSION = YES;
				CLANG_WARN_OBJC_ROOT_CLASS = YES_ERROR;
				CLANG_WARN_UNREACHABLE_CODE = YES;
				CLANG_WARN__DUPLICATE_METHOD_MATCH = YES;
				"CODE_SIGN_IDENTITY[sdk=iphoneos*]" = "iPhone Developer";
				COPY_PHASE_STRIP = YES;
				ENABLE_NS_ASSERTIONS = NO;
				ENABLE_STRICT_OBJC_MSGSEND = YES;
				GCC_C_LANGUAGE_STANDARD = gnu99;
				GCC_WARN_64_TO_32_BIT_CONVERSION = YES;
				GCC_WARN_ABOUT_RETURN_TYPE = YES_ERROR;
				GCC_WARN_UNDECLARED_SELECTOR = YES;
				GCC_WARN_UNINITIALIZED_AUTOS = YES_AGGRESSIVE;
				GCC_WARN_UNUSED_FUNCTION = YES;
				GCC_WARN_UNUSED_VARIABLE = YES;
				IPHONEOS_DEPLOYMENT_TARGET = 8.1;
				MTL_ENABLE_DEBUG_INFO = NO;
				SDKROOT = iphoneos;
				TARGETED_DEVICE_FAMILY = "1,2";
				VALIDATE_PRODUCT = YES;
			};
			name = Release;
		};
		5626E9491AF947130092D6EC /* Debug */ = {
			isa = XCBuildConfiguration;
			buildSettings = {
				ASSETCATALOG_COMPILER_APPICON_NAME = AppIcon;
				INFOPLIST_FILE = "RSS Reader/Info.plist";
				LD_RUNPATH_SEARCH_PATHS = "$(inherited) @executable_path/Frameworks";
				PRODUCT_NAME = "$(TARGET_NAME)";
			};
			name = Debug;
		};
		5626E94A1AF947130092D6EC /* Release */ = {
			isa = XCBuildConfiguration;
			buildSettings = {
				ASSETCATALOG_COMPILER_APPICON_NAME = AppIcon;
				INFOPLIST_FILE = "RSS Reader/Info.plist";
				LD_RUNPATH_SEARCH_PATHS = "$(inherited) @executable_path/Frameworks";
				PRODUCT_NAME = "$(TARGET_NAME)";
			};
			name = Release;
		};
		5626E94C1AF947130092D6EC /* Debug */ = {
			isa = XCBuildConfiguration;
			buildSettings = {
				BUNDLE_LOADER = "$(TEST_HOST)";
				FRAMEWORK_SEARCH_PATHS = (
					"$(SDKROOT)/Developer/Library/Frameworks",
					"$(inherited)",
				);
				GCC_PREPROCESSOR_DEFINITIONS = (
					"DEBUG=1",
					"$(inherited)",
				);
				INFOPLIST_FILE = "RSS ReaderTests/Info.plist";
				LD_RUNPATH_SEARCH_PATHS = "$(inherited) @executable_path/Frameworks @loader_path/Frameworks";
				PRODUCT_NAME = "$(TARGET_NAME)";
				TEST_HOST = "$(BUILT_PRODUCTS_DIR)/RSS Reader.app/RSS Reader";
			};
			name = Debug;
		};
		5626E94D1AF947130092D6EC /* Release */ = {
			isa = XCBuildConfiguration;
			buildSettings = {
				BUNDLE_LOADER = "$(TEST_HOST)";
				FRAMEWORK_SEARCH_PATHS = (
					"$(SDKROOT)/Developer/Library/Frameworks",
					"$(inherited)",
				);
				INFOPLIST_FILE = "RSS ReaderTests/Info.plist";
				LD_RUNPATH_SEARCH_PATHS = "$(inherited) @executable_path/Frameworks @loader_path/Frameworks";
				PRODUCT_NAME = "$(TARGET_NAME)";
				TEST_HOST = "$(BUILT_PRODUCTS_DIR)/RSS Reader.app/RSS Reader";
			};
			name = Release;
		};
/* End XCBuildConfiguration section */

/* Begin XCConfigurationList section */
		5626E9211AF947130092D6EC /* Build configuration list for PBXProject "RSS Reader" */ = {
			isa = XCConfigurationList;
			buildConfigurations = (
				5626E9461AF947130092D6EC /* Debug */,
				5626E9471AF947130092D6EC /* Release */,
			);
			defaultConfigurationIsVisible = 0;
			defaultConfigurationName = Release;
		};
		5626E9481AF947130092D6EC /* Build configuration list for PBXNativeTarget "RSS Reader" */ = {
			isa = XCConfigurationList;
			buildConfigurations = (
				5626E9491AF947130092D6EC /* Debug */,
				5626E94A1AF947130092D6EC /* Release */,
			);
			defaultConfigurationIsVisible = 0;
			defaultConfigurationName = Release;
		};
		5626E94B1AF947130092D6EC /* Build configuration list for PBXNativeTarget "RSS ReaderTests" */ = {
			isa = XCConfigurationList;
			buildConfigurations = (
				5626E94C1AF947130092D6EC /* Debug */,
				5626E94D1AF947130092D6EC /* Release */,
			);
			defaultConfigurationIsVisible = 0;
			defaultConfigurationName = Release;
		};
/* End XCConfigurationList section */

/* Begin XCVersionGroup section */
		5626E92D1AF947130092D6EC /* RSS_Reader.xcdatamodeld */ = {
			isa = XCVersionGroup;
			children = (
				5626E92E1AF947130092D6EC /* RSS_Reader.xcdatamodel */,
			);
			currentVersion = 5626E92E1AF947130092D6EC /* RSS_Reader.xcdatamodel */;
			path = RSS_Reader.xcdatamodeld;
			sourceTree = "<group>";
			versionGroupType = wrapper.xcdatamodel;
		};
/* End XCVersionGroup section */
	};
	rootObject = 5626E91E1AF947130092D6EC /* Project object */;
}
