// !$*UTF8*$!
{
	archiveVersion = 1;
	classes = {
	};
	objectVersion = 46;
	objects = {

/* Begin PBXBuildFile section */
		567402E91AF181340028C22E /* AppDelegate.swift in Sources */ = {isa = PBXBuildFile; fileRef = 567402E81AF181340028C22E /* AppDelegate.swift */; };
		567402EB1AF181340028C22E /* ViewController.swift in Sources */ = {isa = PBXBuildFile; fileRef = 567402EA1AF181340028C22E /* ViewController.swift */; };
		567402EE1AF181340028C22E /* Main.storyboard in Resources */ = {isa = PBXBuildFile; fileRef = 567402EC1AF181340028C22E /* Main.storyboard */; };
		567402F01AF181340028C22E /* Images.xcassets in Resources */ = {isa = PBXBuildFile; fileRef = 567402EF1AF181340028C22E /* Images.xcassets */; };
		567402F31AF181340028C22E /* LaunchScreen.xib in Resources */ = {isa = PBXBuildFile; fileRef = 567402F11AF181340028C22E /* LaunchScreen.xib */; };
		567402FF1AF181340028C22E /* ToDoListTests.swift in Sources */ = {isa = PBXBuildFile; fileRef = 567402FE1AF181340028C22E /* ToDoListTests.swift */; };
/* End PBXBuildFile section */

/* Begin PBXContainerItemProxy section */
		567402F91AF181340028C22E /* PBXContainerItemProxy */ = {
			isa = PBXContainerItemProxy;
			containerPortal = 567402DB1AF181340028C22E /* Project object */;
			proxyType = 1;
			remoteGlobalIDString = 567402E21AF181340028C22E;
			remoteInfo = ToDoList;
		};
/* End PBXContainerItemProxy section */

/* Begin PBXFileReference section */
		567402E31AF181340028C22E /* ToDoList.app */ = {isa = PBXFileReference; explicitFileType = wrapper.application; includeInIndex = 0; path = ToDoList.app; sourceTree = BUILT_PRODUCTS_DIR; };
		567402E71AF181340028C22E /* Info.plist */ = {isa = PBXFileReference; lastKnownFileType = text.plist.xml; path = Info.plist; sourceTree = "<group>"; };
		567402E81AF181340028C22E /* AppDelegate.swift */ = {isa = PBXFileReference; lastKnownFileType = sourcecode.swift; path = AppDelegate.swift; sourceTree = "<group>"; };
		567402EA1AF181340028C22E /* ViewController.swift */ = {isa = PBXFileReference; lastKnownFileType = sourcecode.swift; path = ViewController.swift; sourceTree = "<group>"; };
		567402ED1AF181340028C22E /* Base */ = {isa = PBXFileReference; lastKnownFileType = file.storyboard; name = Base; path = Base.lproj/Main.storyboard; sourceTree = "<group>"; };
		567402EF1AF181340028C22E /* Images.xcassets */ = {isa = PBXFileReference; lastKnownFileType = folder.assetcatalog; path = Images.xcassets; sourceTree = "<group>"; };
		567402F21AF181340028C22E /* Base */ = {isa = PBXFileReference; lastKnownFileType = file.xib; name = Base; path = Base.lproj/LaunchScreen.xib; sourceTree = "<group>"; };
		567402F81AF181340028C22E /* ToDoListTests.xctest */ = {isa = PBXFileReference; explicitFileType = wrapper.cfbundle; includeInIndex = 0; path = ToDoListTests.xctest; sourceTree = BUILT_PRODUCTS_DIR; };
		567402FD1AF181340028C22E /* Info.plist */ = {isa = PBXFileReference; lastKnownFileType = text.plist.xml; path = Info.plist; sourceTree = "<group>"; };
		567402FE1AF181340028C22E /* ToDoListTests.swift */ = {isa = PBXFileReference; lastKnownFileType = sourcecode.swift; path = ToDoListTests.swift; sourceTree = "<group>"; };
/* End PBXFileReference section */

/* Begin PBXFrameworksBuildPhase section */
		567402E01AF181340028C22E /* Frameworks */ = {
			isa = PBXFrameworksBuildPhase;
			buildActionMask = 2147483647;
			files = (
			);
			runOnlyForDeploymentPostprocessing = 0;
		};
		567402F51AF181340028C22E /* Frameworks */ = {
			isa = PBXFrameworksBuildPhase;
			buildActionMask = 2147483647;
			files = (
			);
			runOnlyForDeploymentPostprocessing = 0;
		};
/* End PBXFrameworksBuildPhase section */

/* Begin PBXGroup section */
		567402DA1AF181340028C22E = {
			isa = PBXGroup;
			children = (
				567402E51AF181340028C22E /* ToDoList */,
				567402FB1AF181340028C22E /* ToDoListTests */,
				567402E41AF181340028C22E /* Products */,
			);
			sourceTree = "<group>";
		};
		567402E41AF181340028C22E /* Products */ = {
			isa = PBXGroup;
			children = (
				567402E31AF181340028C22E /* ToDoList.app */,
				567402F81AF181340028C22E /* ToDoListTests.xctest */,
			);
			name = Products;
			sourceTree = "<group>";
		};
		567402E51AF181340028C22E /* ToDoList */ = {
			isa = PBXGroup;
			children = (
				567402E81AF181340028C22E /* AppDelegate.swift */,
				567402EA1AF181340028C22E /* ViewController.swift */,
				567402EC1AF181340028C22E /* Main.storyboard */,
				567402EF1AF181340028C22E /* Images.xcassets */,
				567402F11AF181340028C22E /* LaunchScreen.xib */,
				567402E61AF181340028C22E /* Supporting Files */,
			);
			path = ToDoList;
			sourceTree = "<group>";
		};
		567402E61AF181340028C22E /* Supporting Files */ = {
			isa = PBXGroup;
			children = (
				567402E71AF181340028C22E /* Info.plist */,
			);
			name = "Supporting Files";
			sourceTree = "<group>";
		};
		567402FB1AF181340028C22E /* ToDoListTests */ = {
			isa = PBXGroup;
			children = (
				567402FE1AF181340028C22E /* ToDoListTests.swift */,
				567402FC1AF181340028C22E /* Supporting Files */,
			);
			path = ToDoListTests;
			sourceTree = "<group>";
		};
		567402FC1AF181340028C22E /* Supporting Files */ = {
			isa = PBXGroup;
			children = (
				567402FD1AF181340028C22E /* Info.plist */,
			);
			name = "Supporting Files";
			sourceTree = "<group>";
		};
/* End PBXGroup section */

/* Begin PBXNativeTarget section */
		567402E21AF181340028C22E /* ToDoList */ = {
			isa = PBXNativeTarget;
			buildConfigurationList = 567403021AF181340028C22E /* Build configuration list for PBXNativeTarget "ToDoList" */;
			buildPhases = (
				567402DF1AF181340028C22E /* Sources */,
				567402E01AF181340028C22E /* Frameworks */,
				567402E11AF181340028C22E /* Resources */,
			);
			buildRules = (
			);
			dependencies = (
			);
			name = ToDoList;
			productName = ToDoList;
			productReference = 567402E31AF181340028C22E /* ToDoList.app */;
			productType = "com.apple.product-type.application";
		};
		567402F71AF181340028C22E /* ToDoListTests */ = {
			isa = PBXNativeTarget;
			buildConfigurationList = 567403051AF181340028C22E /* Build configuration list for PBXNativeTarget "ToDoListTests" */;
			buildPhases = (
				567402F41AF181340028C22E /* Sources */,
				567402F51AF181340028C22E /* Frameworks */,
				567402F61AF181340028C22E /* Resources */,
			);
			buildRules = (
			);
			dependencies = (
				567402FA1AF181340028C22E /* PBXTargetDependency */,
			);
			name = ToDoListTests;
			productName = ToDoListTests;
			productReference = 567402F81AF181340028C22E /* ToDoListTests.xctest */;
			productType = "com.apple.product-type.bundle.unit-test";
		};
/* End PBXNativeTarget section */

/* Begin PBXProject section */
		567402DB1AF181340028C22E /* Project object */ = {
			isa = PBXProject;
			attributes = {
				LastUpgradeCheck = 0610;
				ORGANIZATIONNAME = "iOS Students";
				TargetAttributes = {
					567402E21AF181340028C22E = {
						CreatedOnToolsVersion = 6.1.1;
					};
					567402F71AF181340028C22E = {
						CreatedOnToolsVersion = 6.1.1;
						TestTargetID = 567402E21AF181340028C22E;
					};
				};
			};
			buildConfigurationList = 567402DE1AF181340028C22E /* Build configuration list for PBXProject "ToDoList" */;
			compatibilityVersion = "Xcode 3.2";
			developmentRegion = English;
			hasScannedForEncodings = 0;
			knownRegions = (
				en,
				Base,
			);
			mainGroup = 567402DA1AF181340028C22E;
			productRefGroup = 567402E41AF181340028C22E /* Products */;
			projectDirPath = "";
			projectRoot = "";
			targets = (
				567402E21AF181340028C22E /* ToDoList */,
				567402F71AF181340028C22E /* ToDoListTests */,
			);
		};
/* End PBXProject section */

/* Begin PBXResourcesBuildPhase section */
		567402E11AF181340028C22E /* Resources */ = {
			isa = PBXResourcesBuildPhase;
			buildActionMask = 2147483647;
			files = (
				567402EE1AF181340028C22E /* Main.storyboard in Resources */,
				567402F31AF181340028C22E /* LaunchScreen.xib in Resources */,
				567402F01AF181340028C22E /* Images.xcassets in Resources */,
			);
			runOnlyForDeploymentPostprocessing = 0;
		};
		567402F61AF181340028C22E /* Resources */ = {
			isa = PBXResourcesBuildPhase;
			buildActionMask = 2147483647;
			files = (
			);
			runOnlyForDeploymentPostprocessing = 0;
		};
/* End PBXResourcesBuildPhase section */

/* Begin PBXSourcesBuildPhase section */
		567402DF1AF181340028C22E /* Sources */ = {
			isa = PBXSourcesBuildPhase;
			buildActionMask = 2147483647;
			files = (
				567402EB1AF181340028C22E /* ViewController.swift in Sources */,
				567402E91AF181340028C22E /* AppDelegate.swift in Sources */,
			);
			runOnlyForDeploymentPostprocessing = 0;
		};
		567402F41AF181340028C22E /* Sources */ = {
			isa = PBXSourcesBuildPhase;
			buildActionMask = 2147483647;
			files = (
				567402FF1AF181340028C22E /* ToDoListTests.swift in Sources */,
			);
			runOnlyForDeploymentPostprocessing = 0;
		};
/* End PBXSourcesBuildPhase section */

/* Begin PBXTargetDependency section */
		567402FA1AF181340028C22E /* PBXTargetDependency */ = {
			isa = PBXTargetDependency;
			target = 567402E21AF181340028C22E /* ToDoList */;
			targetProxy = 567402F91AF181340028C22E /* PBXContainerItemProxy */;
		};
/* End PBXTargetDependency section */

/* Begin PBXVariantGroup section */
		567402EC1AF181340028C22E /* Main.storyboard */ = {
			isa = PBXVariantGroup;
			children = (
				567402ED1AF181340028C22E /* Base */,
			);
			name = Main.storyboard;
			sourceTree = "<group>";
		};
		567402F11AF181340028C22E /* LaunchScreen.xib */ = {
			isa = PBXVariantGroup;
			children = (
				567402F21AF181340028C22E /* Base */,
			);
			name = LaunchScreen.xib;
			sourceTree = "<group>";
		};
/* End PBXVariantGroup section */

/* Begin XCBuildConfiguration section */
		567403001AF181340028C22E /* Debug */ = {
			isa = XCBuildConfiguration;
			buildSettings = {
				ALWAYS_SEARCH_USER_PATHS = NO;
				CLANG_CXX_LANGUAGE_STANDARD = "gnu++0x";
				CLANG_CXX_LIBRARY = "libc++";
				CLANG_ENABLE_MODULES = YES;
				CLANG_ENABLE_OBJC_ARC = YES;
				CLANG_WARN_BOOL_CONVERSION = YES;
				CLANG_WARN_CONSTANT_CONVERSION = YES;
				CLANG_WARN_DIRECT_OBJC_ISA_USAGE = YES_ERROR;
				CLANG_WARN_EMPTY_BODY = YES;
				CLANG_WARN_ENUM_CONVERSION = YES;
				CLANG_WARN_INT_CONVERSION = YES;
				CLANG_WARN_OBJC_ROOT_CLASS = YES_ERROR;
				CLANG_WARN_UNREACHABLE_CODE = YES;
				CLANG_WARN__DUPLICATE_METHOD_MATCH = YES;
				"CODE_SIGN_IDENTITY[sdk=iphoneos*]" = "iPhone Developer";
				COPY_PHASE_STRIP = NO;
				ENABLE_STRICT_OBJC_MSGSEND = YES;
				GCC_C_LANGUAGE_STANDARD = gnu99;
				GCC_DYNAMIC_NO_PIC = NO;
				GCC_OPTIMIZATION_LEVEL = 0;
				GCC_PREPROCESSOR_DEFINITIONS = (
					"DEBUG=1",
					"$(inherited)",
				);
				GCC_SYMBOLS_PRIVATE_EXTERN = NO;
				GCC_WARN_64_TO_32_BIT_CONVERSION = YES;
				GCC_WARN_ABOUT_RETURN_TYPE = YES_ERROR;
				GCC_WARN_UNDECLARED_SELECTOR = YES;
				GCC_WARN_UNINITIALIZED_AUTOS = YES_AGGRESSIVE;
				GCC_WARN_UNUSED_FUNCTION = YES;
				GCC_WARN_UNUSED_VARIABLE = YES;
				IPHONEOS_DEPLOYMENT_TARGET = 8.1;
				MTL_ENABLE_DEBUG_INFO = YES;
				ONLY_ACTIVE_ARCH = YES;
				SDKROOT = iphoneos;
				SWIFT_OPTIMIZATION_LEVEL = "-Onone";
				TARGETED_DEVICE_FAMILY = "1,2";
			};
			name = Debug;
		};
		567403011AF181340028C22E /* Release */ = {
			isa = XCBuildConfiguration;
			buildSettings = {
				ALWAYS_SEARCH_USER_PATHS = NO;
				CLANG_CXX_LANGUAGE_STANDARD = "gnu++0x";
				CLANG_CXX_LIBRARY = "libc++";
				CLANG_ENABLE_MODULES = YES;
				CLANG_ENABLE_OBJC_ARC = YES;
				CLANG_WARN_BOOL_CONVERSION = YES;
				CLANG_WARN_CONSTANT_CONVERSION = YES;
				CLANG_WARN_DIRECT_OBJC_ISA_USAGE = YES_ERROR;
				CLANG_WARN_EMPTY_BODY = YES;
				CLANG_WARN_ENUM_CONVERSION = YES;
				CLANG_WARN_INT_CONVERSION = YES;
				CLANG_WARN_OBJC_ROOT_CLASS = YES_ERROR;
				CLANG_WARN_UNREACHABLE_CODE = YES;
				CLANG_WARN__DUPLICATE_METHOD_MATCH = YES;
				"CODE_SIGN_IDENTITY[sdk=iphoneos*]" = "iPhone Developer";
				COPY_PHASE_STRIP = YES;
				ENABLE_NS_ASSERTIONS = NO;
				ENABLE_STRICT_OBJC_MSGSEND = YES;
				GCC_C_LANGUAGE_STANDARD = gnu99;
				GCC_WARN_64_TO_32_BIT_CONVERSION = YES;
				GCC_WARN_ABOUT_RETURN_TYPE = YES_ERROR;
				GCC_WARN_UNDECLARED_SELECTOR = YES;
				GCC_WARN_UNINITIALIZED_AUTOS = YES_AGGRESSIVE;
				GCC_WARN_UNUSED_FUNCTION = YES;
				GCC_WARN_UNUSED_VARIABLE = YES;
				IPHONEOS_DEPLOYMENT_TARGET = 8.1;
				MTL_ENABLE_DEBUG_INFO = NO;
				SDKROOT = iphoneos;
				TARGETED_DEVICE_FAMILY = "1,2";
				VALIDATE_PRODUCT = YES;
			};
			name = Release;
		};
		567403031AF181340028C22E /* Debug */ = {
			isa = XCBuildConfiguration;
			buildSettings = {
				ASSETCATALOG_COMPILER_APPICON_NAME = AppIcon;
				INFOPLIST_FILE = ToDoList/Info.plist;
				LD_RUNPATH_SEARCH_PATHS = "$(inherited) @executable_path/Frameworks";
				PRODUCT_NAME = "$(TARGET_NAME)";
			};
			name = Debug;
		};
		567403041AF181340028C22E /* Release */ = {
			isa = XCBuildConfiguration;
			buildSettings = {
				ASSETCATALOG_COMPILER_APPICON_NAME = AppIcon;
				INFOPLIST_FILE = ToDoList/Info.plist;
				LD_RUNPATH_SEARCH_PATHS = "$(inherited) @executable_path/Frameworks";
				PRODUCT_NAME = "$(TARGET_NAME)";
			};
			name = Release;
		};
		567403061AF181340028C22E /* Debug */ = {
			isa = XCBuildConfiguration;
			buildSettings = {
				BUNDLE_LOADER = "$(TEST_HOST)";
				FRAMEWORK_SEARCH_PATHS = (
					"$(SDKROOT)/Developer/Library/Frameworks",
					"$(inherited)",
				);
				GCC_PREPROCESSOR_DEFINITIONS = (
					"DEBUG=1",
					"$(inherited)",
				);
				INFOPLIST_FILE = ToDoListTests/Info.plist;
				LD_RUNPATH_SEARCH_PATHS = "$(inherited) @executable_path/Frameworks @loader_path/Frameworks";
				PRODUCT_NAME = "$(TARGET_NAME)";
				TEST_HOST = "$(BUILT_PRODUCTS_DIR)/ToDoList.app/ToDoList";
			};
			name = Debug;
		};
		567403071AF181340028C22E /* Release */ = {
			isa = XCBuildConfiguration;
			buildSettings = {
				BUNDLE_LOADER = "$(TEST_HOST)";
				FRAMEWORK_SEARCH_PATHS = (
					"$(SDKROOT)/Developer/Library/Frameworks",
					"$(inherited)",
				);
				INFOPLIST_FILE = ToDoListTests/Info.plist;
				LD_RUNPATH_SEARCH_PATHS = "$(inherited) @executable_path/Frameworks @loader_path/Frameworks";
				PRODUCT_NAME = "$(TARGET_NAME)";
				TEST_HOST = "$(BUILT_PRODUCTS_DIR)/ToDoList.app/ToDoList";
			};
			name = Release;
		};
/* End XCBuildConfiguration section */

/* Begin XCConfigurationList section */
		567402DE1AF181340028C22E /* Build configuration list for PBXProject "ToDoList" */ = {
			isa = XCConfigurationList;
			buildConfigurations = (
				567403001AF181340028C22E /* Debug */,
				567403011AF181340028C22E /* Release */,
			);
			defaultConfigurationIsVisible = 0;
			defaultConfigurationName = Release;
		};
		567403021AF181340028C22E /* Build configuration list for PBXNativeTarget "ToDoList" */ = {
			isa = XCConfigurationList;
			buildConfigurations = (
				567403031AF181340028C22E /* Debug */,
				567403041AF181340028C22E /* Release */,
			);
			defaultConfigurationIsVisible = 0;
		};
		567403051AF181340028C22E /* Build configuration list for PBXNativeTarget "ToDoListTests" */ = {
			isa = XCConfigurationList;
			buildConfigurations = (
				567403061AF181340028C22E /* Debug */,
				567403071AF181340028C22E /* Release */,
			);
			defaultConfigurationIsVisible = 0;
		};
/* End XCConfigurationList section */
	};
	rootObject = 567402DB1AF181340028C22E /* Project object */;
}
